
Microsoft Visual Studio Solution File, Format Version 12.00
# Visual Studio 15
VisualStudioVersion = 15.0.27130.2027
MinimumVisualStudioVersion = 10.0.40219.1
Project("{8BC9CEB8-8B4A-11D0-8D11-00A0C91BC942}") = "K810FnLock", "K810FnLock\K810FnLock.vcxproj", "{EE87BD57-C9F0-4948-9B93-FE2A86C41656}"
	ProjectSection(ProjectDependencies) = postProject
		{1B3585AA-A810-4998-909A-8B8C7AF6ECB5} = {1B3585AA-A810-4998-909A-8B8C7AF6ECB5}
	EndProjectSection
EndProject
Project("{8BC9CEB8-8B4A-11D0-8D11-00A0C91BC942}") = "HIDAPI", "HIDAPI\HIDAPI.vcxproj", "{1B3585AA-A810-4998-909A-8B8C7AF6ECB5}"
EndProject
Project("{2150E333-8FDC-42A3-9474-1A3956D46DE8}") = "Solution Items", "Solution Items", "{5376B5B9-516C-4313-BE71-102D7D727FEE}"
	ProjectSection(SolutionItems) = preProject
		Fn Lock Off.bat = Fn Lock Off.bat
		Fn Lock On.bat = Fn Lock On.bat
		README.md = README.md
	EndProjectSection
EndProject
Global
	GlobalSection(SolutionConfigurationPlatforms) = preSolution
		Debug|x64 = Debug|x64
		Debug|x86 = Debug|x86
		Release|x64 = Release|x64
		Release|x86 = Release|x86
	EndGlobalSection
	GlobalSection(ProjectConfigurationPlatforms) = postSolution
		{EE87BD57-C9F0-4948-9B93-FE2A86C41656}.Debug|x64.ActiveCfg = Debug|x64
		{EE87BD57-C9F0-4948-9B93-FE2A86C41656}.Debug|x64.Build.0 = Debug|x64
		{EE87BD57-C9F0-4948-9B93-FE2A86C41656}.Debug|x86.ActiveCfg = Debug|Win32
		{EE87BD57-C9F0-4948-9B93-FE2A86C41656}.Debug|x86.Build.0 = Debug|Win32
		{EE87BD57-C9F0-4948-9B93-FE2A86C41656}.Release|x64.ActiveCfg = Release|x64
		{EE87BD57-C9F0-4948-9B93-FE2A86C41656}.Release|x64.Build.0 = Release|x64
		{EE87BD57-C9F0-4948-9B93-FE2A86C41656}.Release|x86.ActiveCfg = Release|Win32
		{EE87BD57-C9F0-4948-9B93-FE2A86C41656}.Release|x86.Build.0 = Release|Win32
		{1B3585AA-A810-4998-909A-8B8C7AF6ECB5}.Debug|x64.ActiveCfg = Debug|x64
		{1B3585AA-A810-4998-909A-8B8C7AF6ECB5}.Debug|x64.Build.0 = Debug|x64
		{1B3585AA-A810-4998-909A-8B8C7AF6ECB5}.Debug|x86.ActiveCfg = Debug|Win32
		{1B3585AA-A810-4998-909A-8B8C7AF6ECB5}.Debug|x86.Build.0 = Debug|Win32
		{1B3585AA-A810-4998-909A-8B8C7AF6ECB5}.Release|x64.ActiveCfg = Release|x64
		{1B3585AA-A810-4998-909A-8B8C7AF6ECB5}.Release|x64.Build.0 = Release|x64
		{1B3585AA-A810-4998-909A-8B8C7AF6ECB5}.Release|x86.ActiveCfg = Release|Win32
		{1B3585AA-A810-4998-909A-8B8C7AF6ECB5}.Release|x86.Build.0 = Release|Win32
	EndGlobalSection
	GlobalSection(SolutionProperties) = preSolution
		HideSolutionNode = FALSE
	EndGlobalSection
	GlobalSection(ExtensibilityGlobals) = postSolution
		SolutionGuid = {0171E5A1-76E3-436C-ADCE-9783A0A82195}
	EndGlobalSection
EndGlobal
